# THIS IS AN AUTOGENERATED FILE. DO NOT EDIT THIS FILE DIRECTLY.
# yarn lockfile v1


storage-factory@^0.1.0:
  version "0.1.0"
  resolved "https://registry.yarnpkg.com/storage-factory/-/storage-factory-0.1.0.tgz#d70bbeb5478b44ccd31014515a2cefa1e7af1a49"
  integrity sha512-o2UQLqL6yiTT8jm7+fdh99tNSFBhlXd0HzHePqOC3OniHfXFhSDKvmHboVGSIPKJ8604/bBhT15Be5g7YpUZKw==

type-fest@^0.8.1:
  version "0.8.1"
  resolved "https://registry.yarnpkg.com/type-fest/-/type-fest-0.8.1.tgz#09e249ebde851d3b1e48d27c105444667f17b83d"
  integrity sha512-4dbzIzqvjtgiM5rw1k5rEHtBANKmdudhGyBEajN01fEyhaAIhsoKNy6y7+IN93IfpFtwY9iqi7kD+xwKhQsNJA==

typescript@^3.7.2:
  version "3.7.2"
  resolved "https://registry.yarnpkg.com/typescript/-/typescript-3.7.2.tgz#27e489b95fa5909445e9fef5ee48d81697ad18fb"
  integrity sha512-ml7V7JfiN2Xwvcer+XAf2csGO1bPBdRbFCkYBczNZggrBZ9c7G3riSUeJmqEU5uOtXNPMhE3n+R4FA/3YOAWOQ==
